// !$*UTF8*$!
{
	archiveVersion = 1;
	classes = {
	};
	objectVersion = 46;
	objects = {

/* Begin PBXBuildFile section */
		2F86FF2A1AD339380085BC6A /* AppDelegate.swift in Sources */ = {isa = PBXBuildFile; fileRef = 2F86FF291AD339380085BC6A /* AppDelegate.swift */; };
		2F86FF2C1AD339380085BC6A /* ViewController.swift in Sources */ = {isa = PBXBuildFile; fileRef = 2F86FF2B1AD339380085BC6A /* ViewController.swift */; };
		2F86FF2F1AD339380085BC6A /* Main.storyboard in Resources */ = {isa = PBXBuildFile; fileRef = 2F86FF2D1AD339380085BC6A /* Main.storyboard */; };
		2F86FF311AD339380085BC6A /* Images.xcassets in Resources */ = {isa = PBXBuildFile; fileRef = 2F86FF301AD339380085BC6A /* Images.xcassets */; };
		2F86FF341AD339380085BC6A /* LaunchScreen.xib in Resources */ = {isa = PBXBuildFile; fileRef = 2F86FF321AD339380085BC6A /* LaunchScreen.xib */; };
		2F86FF401AD339390085BC6A /* PushManagerUsageTests.swift in Sources */ = {isa = PBXBuildFile; fileRef = 2F86FF3F1AD339390085BC6A /* PushManagerUsageTests.swift */; };
		2F86FF4A1AD3398E0085BC6A /* ONXPushManager.swift in Sources */ = {isa = PBXBuildFile; fileRef = 2F86FF491AD3398E0085BC6A /* ONXPushManager.swift */; };
/* End PBXBuildFile section */

/* Begin PBXContainerItemProxy section */
		2F86FF3A1AD339390085BC6A /* PBXContainerItemProxy */ = {
			isa = PBXContainerItemProxy;
			containerPortal = 2F86FF1C1AD339380085BC6A /* Project object */;
			proxyType = 1;
			remoteGlobalIDString = 2F86FF231AD339380085BC6A;
			remoteInfo = PushManagerUsage;
		};
/* End PBXContainerItemProxy section */

/* Begin PBXFileReference section */
		2F86FF241AD339380085BC6A /* PushManagerUsage.app */ = {isa = PBXFileReference; explicitFileType = wrapper.application; includeInIndex = 0; path = PushManagerUsage.app; sourceTree = BUILT_PRODUCTS_DIR; };
		2F86FF281AD339380085BC6A /* Info.plist */ = {isa = PBXFileReference; lastKnownFileType = text.plist.xml; path = Info.plist; sourceTree = "<group>"; };
		2F86FF291AD339380085BC6A /* AppDelegate.swift */ = {isa = PBXFileReference; lastKnownFileType = sourcecode.swift; path = AppDelegate.swift; sourceTree = "<group>"; };
		2F86FF2B1AD339380085BC6A /* ViewController.swift */ = {isa = PBXFileReference; lastKnownFileType = sourcecode.swift; path = ViewController.swift; sourceTree = "<group>"; };
		2F86FF2E1AD339380085BC6A /* Base */ = {isa = PBXFileReference; lastKnownFileType = file.storyboard; name = Base; path = Base.lproj/Main.storyboard; sourceTree = "<group>"; };
		2F86FF301AD339380085BC6A /* Images.xcassets */ = {isa = PBXFileReference; lastKnownFileType = folder.assetcatalog; path = Images.xcassets; sourceTree = "<group>"; };
		2F86FF331AD339380085BC6A /* Base */ = {isa = PBXFileReference; lastKnownFileType = file.xib; name = Base; path = Base.lproj/LaunchScreen.xib; sourceTree = "<group>"; };
		2F86FF391AD339390085BC6A /* PushManagerUsageTests.xctest */ = {isa = PBXFileReference; explicitFileType = wrapper.cfbundle; includeInIndex = 0; path = PushManagerUsageTests.xctest; sourceTree = BUILT_PRODUCTS_DIR; };
		2F86FF3E1AD339390085BC6A /* Info.plist */ = {isa = PBXFileReference; lastKnownFileType = text.plist.xml; path = Info.plist; sourceTree = "<group>"; };
		2F86FF3F1AD339390085BC6A /* PushManagerUsageTests.swift */ = {isa = PBXFileReference; lastKnownFileType = sourcecode.swift; path = PushManagerUsageTests.swift; sourceTree = "<group>"; };
		2F86FF491AD3398E0085BC6A /* ONXPushManager.swift */ = {isa = PBXFileReference; fileEncoding = 4; lastKnownFileType = sourcecode.swift; path = ONXPushManager.swift; sourceTree = SOURCE_ROOT; };
/* End PBXFileReference section */

/* Begin PBXFrameworksBuildPhase section */
		2F86FF211AD339380085BC6A /* Frameworks */ = {
			isa = PBXFrameworksBuildPhase;
			buildActionMask = 2147483647;
			files = (
			);
			runOnlyForDeploymentPostprocessing = 0;
		};
		2F86FF361AD339390085BC6A /* Frameworks */ = {
			isa = PBXFrameworksBuildPhase;
			buildActionMask = 2147483647;
			files = (
			);
			runOnlyForDeploymentPostprocessing = 0;
		};
/* End PBXFrameworksBuildPhase section */

/* Begin PBXGroup section */
		2F86FF1B1AD339380085BC6A = {
			isa = PBXGroup;
			children = (
				2F86FF261AD339380085BC6A /* PushManagerUsage */,
				2F86FF3C1AD339390085BC6A /* PushManagerUsageTests */,
				2F86FF251AD339380085BC6A /* Products */,
			);
			sourceTree = "<group>";
		};
		2F86FF251AD339380085BC6A /* Products */ = {
			isa = PBXGroup;
			children = (
				2F86FF241AD339380085BC6A /* PushManagerUsage.app */,
				2F86FF391AD339390085BC6A /* PushManagerUsageTests.xctest */,
			);
			name = Products;
			sourceTree = "<group>";
		};
		2F86FF261AD339380085BC6A /* PushManagerUsage */ = {
			isa = PBXGroup;
			children = (
				2F86FF491AD3398E0085BC6A /* ONXPushManager.swift */,
				2F86FF291AD339380085BC6A /* AppDelegate.swift */,
				2F86FF2B1AD339380085BC6A /* ViewController.swift */,
				2F86FF2D1AD339380085BC6A /* Main.storyboard */,
				2F86FF301AD339380085BC6A /* Images.xcassets */,
				2F86FF321AD339380085BC6A /* LaunchScreen.xib */,
				2F86FF271AD339380085BC6A /* Supporting Files */,
			);
			path = PushManagerUsage;
			sourceTree = "<group>";
		};
		2F86FF271AD339380085BC6A /* Supporting Files */ = {
			isa = PBXGroup;
			children = (
				2F86FF281AD339380085BC6A /* Info.plist */,
			);
			name = "Supporting Files";
			sourceTree = "<group>";
		};
		2F86FF3C1AD339390085BC6A /* PushManagerUsageTests */ = {
			isa = PBXGroup;
			children = (
				2F86FF3F1AD339390085BC6A /* PushManagerUsageTests.swift */,
				2F86FF3D1AD339390085BC6A /* Supporting Files */,
			);
			path = PushManagerUsageTests;
			sourceTree = "<group>";
		};
		2F86FF3D1AD339390085BC6A /* Supporting Files */ = {
			isa = PBXGroup;
			children = (
				2F86FF3E1AD339390085BC6A /* Info.plist */,
			);
			name = "Supporting Files";
			sourceTree = "<group>";
		};
/* End PBXGroup section */

/* Begin PBXNativeTarget section */
		2F86FF231AD339380085BC6A /* PushManagerUsage */ = {
			isa = PBXNativeTarget;
			buildConfigurationList = 2F86FF431AD339390085BC6A /* Build configuration list for PBXNativeTarget "PushManagerUsage" */;
			buildPhases = (
				2F86FF201AD339380085BC6A /* Sources */,
				2F86FF211AD339380085BC6A /* Frameworks */,
				2F86FF221AD339380085BC6A /* Resources */,
			);
			buildRules = (
			);
			dependencies = (
			);
			name = PushManagerUsage;
			productName = PushManagerUsage;
			productReference = 2F86FF241AD339380085BC6A /* PushManagerUsage.app */;
			productType = "com.apple.product-type.application";
		};
		2F86FF381AD339390085BC6A /* PushManagerUsageTests */ = {
			isa = PBXNativeTarget;
			buildConfigurationList = 2F86FF461AD339390085BC6A /* Build configuration list for PBXNativeTarget "PushManagerUsageTests" */;
			buildPhases = (
				2F86FF351AD339390085BC6A /* Sources */,
				2F86FF361AD339390085BC6A /* Frameworks */,
				2F86FF371AD339390085BC6A /* Resources */,
			);
			buildRules = (
			);
			dependencies = (
				2F86FF3B1AD339390085BC6A /* PBXTargetDependency */,
			);
			name = PushManagerUsageTests;
			productName = PushManagerUsageTests;
			productReference = 2F86FF391AD339390085BC6A /* PushManagerUsageTests.xctest */;
			productType = "com.apple.product-type.bundle.unit-test";
		};
/* End PBXNativeTarget section */

/* Begin PBXProject section */
		2F86FF1C1AD339380085BC6A /* Project object */ = {
			isa = PBXProject;
			attributes = {
				LastUpgradeCheck = 0620;
				ORGANIZATIONNAME = Onix;
				TargetAttributes = {
					2F86FF231AD339380085BC6A = {
						CreatedOnToolsVersion = 6.2;
					};
					2F86FF381AD339390085BC6A = {
						CreatedOnToolsVersion = 6.2;
						TestTargetID = 2F86FF231AD339380085BC6A;
					};
				};
			};
			buildConfigurationList = 2F86FF1F1AD339380085BC6A /* Build configuration list for PBXProject "PushManagerUsage" */;
			compatibilityVersion = "Xcode 3.2";
			developmentRegion = English;
			hasScannedForEncodings = 0;
			knownRegions = (
				en,
				Base,
			);
			mainGroup = 2F86FF1B1AD339380085BC6A;
			productRefGroup = 2F86FF251AD339380085BC6A /* Products */;
			projectDirPath = "";
			projectRoot = "";
			targets = (
				2F86FF231AD339380085BC6A /* PushManagerUsage */,
				2F86FF381AD339390085BC6A /* PushManagerUsageTests */,
			);
		};
/* End PBXProject section */

/* Begin PBXResourcesBuildPhase section */
		2F86FF221AD339380085BC6A /* Resources */ = {
			isa = PBXResourcesBuildPhase;
			buildActionMask = 2147483647;
			files = (
				2F86FF2F1AD339380085BC6A /* Main.storyboard in Resources */,
				2F86FF341AD339380085BC6A /* LaunchScreen.xib in Resources */,
				2F86FF311AD339380085BC6A /* Images.xcassets in Resources */,
			);
			runOnlyForDeploymentPostprocessing = 0;
		};
		2F86FF371AD339390085BC6A /* Resources */ = {
			isa = PBXResourcesBuildPhase;
			buildActionMask = 2147483647;
			files = (
			);
			runOnlyForDeploymentPostprocessing = 0;
		};
/* End PBXResourcesBuildPhase section */

/* Begin PBXSourcesBuildPhase section */
		2F86FF201AD339380085BC6A /* Sources */ = {
			isa = PBXSourcesBuildPhase;
			buildActionMask = 2147483647;
			files = (
				2F86FF4A1AD3398E0085BC6A /* ONXPushManager.swift in Sources */,
				2F86FF2C1AD339380085BC6A /* ViewController.swift in Sources */,
				2F86FF2A1AD339380085BC6A /* AppDelegate.swift in Sources */,
			);
			runOnlyForDeploymentPostprocessing = 0;
		};
		2F86FF351AD339390085BC6A /* Sources */ = {
			isa = PBXSourcesBuildPhase;
			buildActionMask = 2147483647;
			files = (
				2F86FF401AD339390085BC6A /* PushManagerUsageTests.swift in Sources */,
			);
			runOnlyForDeploymentPostprocessing = 0;
		};
/* End PBXSourcesBuildPhase section */

/* Begin PBXTargetDependency section */
		2F86FF3B1AD339390085BC6A /* PBXTargetDependency */ = {
			isa = PBXTargetDependency;
			target = 2F86FF231AD339380085BC6A /* PushManagerUsage */;
			targetProxy = 2F86FF3A1AD339390085BC6A /* PBXContainerItemProxy */;
		};
/* End PBXTargetDependency section */

/* Begin PBXVariantGroup section */
		2F86FF2D1AD339380085BC6A /* Main.storyboard */ = {
			isa = PBXVariantGroup;
			children = (
				2F86FF2E1AD339380085BC6A /* Base */,
			);
			name = Main.storyboard;
			sourceTree = "<group>";
		};
		2F86FF321AD339380085BC6A /* LaunchScreen.xib */ = {
			isa = PBXVariantGroup;
			children = (
				2F86FF331AD339380085BC6A /* Base */,
			);
			name = LaunchScreen.xib;
			sourceTree = "<group>";
		};
/* End PBXVariantGroup section */

/* Begin XCBuildConfiguration section */
		2F86FF411AD339390085BC6A /* Debug */ = {
			isa = XCBuildConfiguration;
			buildSettings = {
				ALWAYS_SEARCH_USER_PATHS = NO;
				CLANG_CXX_LANGUAGE_STANDARD = "gnu++0x";
				CLANG_CXX_LIBRARY = "libc++";
				CLANG_ENABLE_MODULES = YES;
				CLANG_ENABLE_OBJC_ARC = YES;
				CLANG_WARN_BOOL_CONVERSION = YES;
				CLANG_WARN_CONSTANT_CONVERSION = YES;
				CLANG_WARN_DIRECT_OBJC_ISA_USAGE = YES_ERROR;
				CLANG_WARN_EMPTY_BODY = YES;
				CLANG_WARN_ENUM_CONVERSION = YES;
				CLANG_WARN_INT_CONVERSION = YES;
				CLANG_WARN_OBJC_ROOT_CLASS = YES_ERROR;
				CLANG_WARN_UNREACHABLE_CODE = YES;
				CLANG_WARN__DUPLICATE_METHOD_MATCH = YES;
				"CODE_SIGN_IDENTITY[sdk=iphoneos*]" = "iPhone Developer";
				COPY_PHASE_STRIP = NO;
				ENABLE_STRICT_OBJC_MSGSEND = YES;
				GCC_C_LANGUAGE_STANDARD = gnu99;
				GCC_DYNAMIC_NO_PIC = NO;
				GCC_OPTIMIZATION_LEVEL = 0;
				GCC_PREPROCESSOR_DEFINITIONS = (
					"DEBUG=1",
					"$(inherited)",
				);
				GCC_SYMBOLS_PRIVATE_EXTERN = NO;
				GCC_WARN_64_TO_32_BIT_CONVERSION = YES;
				GCC_WARN_ABOUT_RETURN_TYPE = YES_ERROR;
				GCC_WARN_UNDECLARED_SELECTOR = YES;
				GCC_WARN_UNINITIALIZED_AUTOS = YES_AGGRESSIVE;
				GCC_WARN_UNUSED_FUNCTION = YES;
				GCC_WARN_UNUSED_VARIABLE = YES;
				IPHONEOS_DEPLOYMENT_TARGET = 8.2;
				MTL_ENABLE_DEBUG_INFO = YES;
				ONLY_ACTIVE_ARCH = YES;
				SDKROOT = iphoneos;
				SWIFT_OPTIMIZATION_LEVEL = "-Onone";
			};
			name = Debug;
		};
		2F86FF421AD339390085BC6A /* Release */ = {
			isa = XCBuildConfiguration;
			buildSettings = {
				ALWAYS_SEARCH_USER_PATHS = NO;
				CLANG_CXX_LANGUAGE_STANDARD = "gnu++0x";
				CLANG_CXX_LIBRARY = "libc++";
				CLANG_ENABLE_MODULES = YES;
				CLANG_ENABLE_OBJC_ARC = YES;
				CLANG_WARN_BOOL_CONVERSION = YES;
				CLANG_WARN_CONSTANT_CONVERSION = YES;
				CLANG_WARN_DIRECT_OBJC_ISA_USAGE = YES_ERROR;
				CLANG_WARN_EMPTY_BODY = YES;
				CLANG_WARN_ENUM_CONVERSION = YES;
				CLANG_WARN_INT_CONVERSION = YES;
				CLANG_WARN_OBJC_ROOT_CLASS = YES_ERROR;
				CLANG_WARN_UNREACHABLE_CODE = YES;
				CLANG_WARN__DUPLICATE_METHOD_MATCH = YES;
				"CODE_SIGN_IDENTITY[sdk=iphoneos*]" = "iPhone Developer";
				COPY_PHASE_STRIP = NO;
				ENABLE_NS_ASSERTIONS = NO;
				ENABLE_STRICT_OBJC_MSGSEND = YES;
				GCC_C_LANGUAGE_STANDARD = gnu99;
				GCC_WARN_64_TO_32_BIT_CONVERSION = YES;
				GCC_WARN_ABOUT_RETURN_TYPE = YES_ERROR;
				GCC_WARN_UNDECLARED_SELECTOR = YES;
				GCC_WARN_UNINITIALIZED_AUTOS = YES_AGGRESSIVE;
				GCC_WARN_UNUSED_FUNCTION = YES;
				GCC_WARN_UNUSED_VARIABLE = YES;
				IPHONEOS_DEPLOYMENT_TARGET = 8.2;
				MTL_ENABLE_DEBUG_INFO = NO;
				SDKROOT = iphoneos;
				VALIDATE_PRODUCT = YES;
			};
			name = Release;
		};
		2F86FF441AD339390085BC6A /* Debug */ = {
			isa = XCBuildConfiguration;
			buildSettings = {
				ASSETCATALOG_COMPILER_APPICON_NAME = AppIcon;
				INFOPLIST_FILE = PushManagerUsage/Info.plist;
				LD_RUNPATH_SEARCH_PATHS = "$(inherited) @executable_path/Frameworks";
				PRODUCT_NAME = "$(TARGET_NAME)";
			};
			name = Debug;
		};
		2F86FF451AD339390085BC6A /* Release */ = {
			isa = XCBuildConfiguration;
			buildSettings = {
				ASSETCATALOG_COMPILER_APPICON_NAME = AppIcon;
				INFOPLIST_FILE = PushManagerUsage/Info.plist;
				LD_RUNPATH_SEARCH_PATHS = "$(inherited) @executable_path/Frameworks";
				PRODUCT_NAME = "$(TARGET_NAME)";
			};
			name = Release;
		};
		2F86FF471AD339390085BC6A /* Debug */ = {
			isa = XCBuildConfiguration;
			buildSettings = {
				BUNDLE_LOADER = "$(TEST_HOST)";
				FRAMEWORK_SEARCH_PATHS = (
					"$(SDKROOT)/Developer/Library/Frameworks",
					"$(inherited)",
				);
				GCC_PREPROCESSOR_DEFINITIONS = (
					"DEBUG=1",
					"$(inherited)",
				);
				INFOPLIST_FILE = PushManagerUsageTests/Info.plist;
				LD_RUNPATH_SEARCH_PATHS = "$(inherited) @executable_path/Frameworks @loader_path/Frameworks";
				PRODUCT_NAME = "$(TARGET_NAME)";
				TEST_HOST = "$(BUILT_PRODUCTS_DIR)/PushManagerUsage.app/PushManagerUsage";
			};
			name = Debug;
		};
		2F86FF481AD339390085BC6A /* Release */ = {
			isa = XCBuildConfiguration;
			buildSettings = {
				BUNDLE_LOADER = "$(TEST_HOST)";
				FRAMEWORK_SEARCH_PATHS = (
					"$(SDKROOT)/Developer/Library/Frameworks",
					"$(inherited)",
				);
				INFOPLIST_FILE = PushManagerUsageTests/Info.plist;
				LD_RUNPATH_SEARCH_PATHS = "$(inherited) @executable_path/Frameworks @loader_path/Frameworks";
				PRODUCT_NAME = "$(TARGET_NAME)";
				TEST_HOST = "$(BUILT_PRODUCTS_DIR)/PushManagerUsage.app/PushManagerUsage";
			};
			name = Release;
		};
/* End XCBuildConfiguration section */

/* Begin XCConfigurationList section */
		2F86FF1F1AD339380085BC6A /* Build configuration list for PBXProject "PushManagerUsage" */ = {
			isa = XCConfigurationList;
			buildConfigurations = (
				2F86FF411AD339390085BC6A /* Debug */,
				2F86FF421AD339390085BC6A /* Release */,
			);
			defaultConfigurationIsVisible = 0;
			defaultConfigurationName = Release;
		};
		2F86FF431AD339390085BC6A /* Build configuration list for PBXNativeTarget "PushManagerUsage" */ = {
			isa = XCConfigurationList;
			buildConfigurations = (
				2F86FF441AD339390085BC6A /* Debug */,
				2F86FF451AD339390085BC6A /* Release */,
			);
			defaultConfigurationIsVisible = 0;
			defaultConfigurationName = Release;
		};
		2F86FF461AD339390085BC6A /* Build configuration list for PBXNativeTarget "PushManagerUsageTests" */ = {
			isa = XCConfigurationList;
			buildConfigurations = (
				2F86FF471AD339390085BC6A /* Debug */,
				2F86FF481AD339390085BC6A /* Release */,
			);
			defaultConfigurationIsVisible = 0;
			defaultConfigurationName = Release;
		};
/* End XCConfigurationList section */
	};
	rootObject = 2F86FF1C1AD339380085BC6A /* Project object */;
}
